
Microsoft Visual Studio Solution File, Format Version 12.00
# Visual Studio Version 17
VisualStudioVersion = 17.7.34024.191
MinimumVisualStudioVersion = 10.0.40219.1
Project("{9A19103F-16F7-4668-BE54-9A1E7A4F7556}") = "CelsiusBackNet", "CelsiusBackNet.csproj", "{630C6B3F-A013-46F6-8BAF-42451992E697}"
EndProject
Global
	GlobalSection(SolutionConfigurationPlatforms) = preSolution
		Debug|Any CPU = Debug|Any CPU
		Release|Any CPU = Release|Any CPU
	EndGlobalSection
	GlobalSection(ProjectConfigurationPlatforms) = postSolution
		{630C6B3F-A013-46F6-8BAF-42451992E697}.Debug|Any CPU.ActiveCfg = Debug|Any CPU
		{630C6B3F-A013-46F6-8BAF-42451992E697}.Debug|Any CPU.Build.0 = Debug|Any CPU
		{630C6B3F-A013-46F6-8BAF-42451992E697}.Release|Any CPU.ActiveCfg = Release|Any CPU
		{630C6B3F-A013-46F6-8BAF-42451992E697}.Release|Any CPU.Build.0 = Release|Any CPU
	EndGlobalSection
	GlobalSection(SolutionProperties) = preSolution
		HideSolutionNode = FALSE
	EndGlobalSection
	GlobalSection(ExtensibilityGlobals) = postSolution
		SolutionGuid = {B2558C4E-75EE-4382-98CD-D2BF136D7516}
	EndGlobalSection
EndGlobal
